
Microsoft Visual Studio Solution File, Format Version 12.00
# Visual Studio Version 17
VisualStudioVersion = 17.3.32922.545
MinimumVisualStudioVersion = 10.0.40219.1
Project("{FAE04EC0-301F-11D3-BF4B-00C04F79EFBC}") = "AdjusterAssignmentAPI", "AdjusterAssignmentAPI\AdjusterAssignmentAPI.csproj", "{BCF79EDE-CCB1-4D84-94DF-34CECB08F028}"
EndProject
Project("{E53339B2-1760-4266-BCC7-CA923CBCF16C}") = "docker-compose", "docker-compose.dcproj", "{EB369D8D-6969-4467-BD9E-6B28A21072A9}"
EndProject
Global
	GlobalSection(SolutionConfigurationPlatforms) = preSolution
		Debug|Any CPU = Debug|Any CPU
		Release|Any CPU = Release|Any CPU
	EndGlobalSection
	GlobalSection(ProjectConfigurationPlatforms) = postSolution
		{BCF79EDE-CCB1-4D84-94DF-34CECB08F028}.Debug|Any CPU.ActiveCfg = Debug|Any CPU
		{BCF79EDE-CCB1-4D84-94DF-34CECB08F028}.Debug|Any CPU.Build.0 = Debug|Any CPU
		{BCF79EDE-CCB1-4D84-94DF-34CECB08F028}.Release|Any CPU.ActiveCfg = Release|Any CPU
		{BCF79EDE-CCB1-4D84-94DF-34CECB08F028}.Release|Any CPU.Build.0 = Release|Any CPU
		{EB369D8D-6969-4467-BD9E-6B28A21072A9}.Debug|Any CPU.ActiveCfg = Debug|Any CPU
		{EB369D8D-6969-4467-BD9E-6B28A21072A9}.Debug|Any CPU.Build.0 = Debug|Any CPU
		{EB369D8D-6969-4467-BD9E-6B28A21072A9}.Release|Any CPU.ActiveCfg = Release|Any CPU
		{EB369D8D-6969-4467-BD9E-6B28A21072A9}.Release|Any CPU.Build.0 = Release|Any CPU
	EndGlobalSection
	GlobalSection(SolutionProperties) = preSolution
		HideSolutionNode = FALSE
	EndGlobalSection
	GlobalSection(ExtensibilityGlobals) = postSolution
		SolutionGuid = {B7C87FD8-A309-4431-817A-94CC2A39A322}
	EndGlobalSection
EndGlobal
